
Microsoft Visual Studio Solution File, Format Version 12.00
# Visual Studio Version 16
VisualStudioVersion = 16.0.31911.196
MinimumVisualStudioVersion = 10.0.40219.1
Project("{8BC9CEB8-8B4A-11D0-8D11-00A0C91BC942}") = "Polymorphism", "Polymorphism\Polymorphism.vcxproj", "{796A83C3-EC72-4A5F-87E6-3888886B135D}"
EndProject
Project("{FAE04EC0-301F-11D3-BF4B-00C04F79EFBC}") = "PolymorphismCS", "PolymorphismCS\PolymorphismCS.csproj", "{0C0611B7-85EA-4480-9339-193F97A76FCD}"
EndProject
Global
	GlobalSection(SolutionConfigurationPlatforms) = preSolution
		Debug|Any CPU = Debug|Any CPU
		Debug|x64 = Debug|x64
		Debug|x86 = Debug|x86
		Release|Any CPU = Release|Any CPU
		Release|x64 = Release|x64
		Release|x86 = Release|x86
	EndGlobalSection
	GlobalSection(ProjectConfigurationPlatforms) = postSolution
		{796A83C3-EC72-4A5F-87E6-3888886B135D}.Debug|Any CPU.ActiveCfg = Debug|Win32
		{796A83C3-EC72-4A5F-87E6-3888886B135D}.Debug|x64.ActiveCfg = Debug|x64
		{796A83C3-EC72-4A5F-87E6-3888886B135D}.Debug|x64.Build.0 = Debug|x64
		{796A83C3-EC72-4A5F-87E6-3888886B135D}.Debug|x86.ActiveCfg = Debug|Win32
		{796A83C3-EC72-4A5F-87E6-3888886B135D}.Debug|x86.Build.0 = Debug|Win32
		{796A83C3-EC72-4A5F-87E6-3888886B135D}.Release|Any CPU.ActiveCfg = Release|Win32
		{796A83C3-EC72-4A5F-87E6-3888886B135D}.Release|x64.ActiveCfg = Release|x64
		{796A83C3-EC72-4A5F-87E6-3888886B135D}.Release|x64.Build.0 = Release|x64
		{796A83C3-EC72-4A5F-87E6-3888886B135D}.Release|x86.ActiveCfg = Release|Win32
		{796A83C3-EC72-4A5F-87E6-3888886B135D}.Release|x86.Build.0 = Release|Win32
		{0C0611B7-85EA-4480-9339-193F97A76FCD}.Debug|Any CPU.ActiveCfg = Debug|Any CPU
		{0C0611B7-85EA-4480-9339-193F97A76FCD}.Debug|Any CPU.Build.0 = Debug|Any CPU
		{0C0611B7-85EA-4480-9339-193F97A76FCD}.Debug|x64.ActiveCfg = Debug|Any CPU
		{0C0611B7-85EA-4480-9339-193F97A76FCD}.Debug|x64.Build.0 = Debug|Any CPU
		{0C0611B7-85EA-4480-9339-193F97A76FCD}.Debug|x86.ActiveCfg = Debug|Any CPU
		{0C0611B7-85EA-4480-9339-193F97A76FCD}.Debug|x86.Build.0 = Debug|Any CPU
		{0C0611B7-85EA-4480-9339-193F97A76FCD}.Release|Any CPU.ActiveCfg = Release|Any CPU
		{0C0611B7-85EA-4480-9339-193F97A76FCD}.Release|Any CPU.Build.0 = Release|Any CPU
		{0C0611B7-85EA-4480-9339-193F97A76FCD}.Release|x64.ActiveCfg = Release|Any CPU
		{0C0611B7-85EA-4480-9339-193F97A76FCD}.Release|x64.Build.0 = Release|Any CPU
		{0C0611B7-85EA-4480-9339-193F97A76FCD}.Release|x86.ActiveCfg = Release|Any CPU
		{0C0611B7-85EA-4480-9339-193F97A76FCD}.Release|x86.Build.0 = Release|Any CPU
	EndGlobalSection
	GlobalSection(SolutionProperties) = preSolution
		HideSolutionNode = FALSE
	EndGlobalSection
	GlobalSection(ExtensibilityGlobals) = postSolution
		SolutionGuid = {F7B3969D-FDFD-427F-91DF-56EE11A35AD2}
	EndGlobalSection
EndGlobal
